// !$*UTF8*$!
{
	archiveVersion = 1;
	classes = {
	};
	objectVersion = 51;
	objects = {

/* Begin PBXBuildFile section */
		5909527964978C7EE06ACAD8 /* Pods_Parstagram_ParstagramUITests.framework in Frameworks */ = {isa = PBXBuildFile; fileRef = 0B55ECAE7332768F208133A6 /* Pods_Parstagram_ParstagramUITests.framework */; };
		6EC55A99B4D90B84769CCFE5 /* Pods_Parstagram.framework in Frameworks */ = {isa = PBXBuildFile; fileRef = D50C11610B4C3BD23999E05D /* Pods_Parstagram.framework */; };
		97408D2325E8A533002D44A0 /* instagram_assets in Resources */ = {isa = PBXBuildFile; fileRef = 97408D2225E8A533002D44A0 /* instagram_assets */; };
		97408D2E25E8A7D5002D44A0 /* LoginViewController.swift in Sources */ = {isa = PBXBuildFile; fileRef = 97408D2D25E8A7D5002D44A0 /* LoginViewController.swift */; };
		97408D3325E8A7ED002D44A0 /* FeedViewController.swift in Sources */ = {isa = PBXBuildFile; fileRef = 97408D3225E8A7ED002D44A0 /* FeedViewController.swift */; };
		9786BD3325F584D10069E7A0 /* CommentCell.swift in Sources */ = {isa = PBXBuildFile; fileRef = 9786BD3225F584D10069E7A0 /* CommentCell.swift */; };
		97BC5FD625E8BDF200F9449E /* CameraViewController.swift in Sources */ = {isa = PBXBuildFile; fileRef = 97BC5FD525E8BDF200F9449E /* CameraViewController.swift */; };
		97BC5FDB25E96BB500F9449E /* PostCell.swift in Sources */ = {isa = PBXBuildFile; fileRef = 97BC5FDA25E96BB500F9449E /* PostCell.swift */; };
		97F7B6A525E8419E0026962D /* AppDelegate.swift in Sources */ = {isa = PBXBuildFile; fileRef = 97F7B6A425E8419E0026962D /* AppDelegate.swift */; };
		97F7B6A725E8419E0026962D /* SceneDelegate.swift in Sources */ = {isa = PBXBuildFile; fileRef = 97F7B6A625E8419E0026962D /* SceneDelegate.swift */; };
		97F7B6AC25E8419E0026962D /* Main.storyboard in Resources */ = {isa = PBXBuildFile; fileRef = 97F7B6AA25E8419E0026962D /* Main.storyboard */; };
		97F7B6AE25E8419F0026962D /* Assets.xcassets in Resources */ = {isa = PBXBuildFile; fileRef = 97F7B6AD25E8419F0026962D /* Assets.xcassets */; };
		97F7B6B125E8419F0026962D /* LaunchScreen.storyboard in Resources */ = {isa = PBXBuildFile; fileRef = 97F7B6AF25E8419F0026962D /* LaunchScreen.storyboard */; };
		97F7B6BC25E8419F0026962D /* ParstagramTests.swift in Sources */ = {isa = PBXBuildFile; fileRef = 97F7B6BB25E8419F0026962D /* ParstagramTests.swift */; };
		97F7B6C725E8419F0026962D /* ParstagramUITests.swift in Sources */ = {isa = PBXBuildFile; fileRef = 97F7B6C625E8419F0026962D /* ParstagramUITests.swift */; };
		A2C3B19F7062B4D30E790CBD /* Pods_ParstagramTests.framework in Frameworks */ = {isa = PBXBuildFile; fileRef = 857400FB7A1FCDD00166F6E6 /* Pods_ParstagramTests.framework */; };
/* End PBXBuildFile section */

/* Begin PBXContainerItemProxy section */
		97F7B6B825E8419F0026962D /* PBXContainerItemProxy */ = {
			isa = PBXContainerItemProxy;
			containerPortal = 97F7B69925E8419E0026962D /* Project object */;
			proxyType = 1;
			remoteGlobalIDString = 97F7B6A025E8419E0026962D;
			remoteInfo = Parstagram;
		};
		97F7B6C325E8419F0026962D /* PBXContainerItemProxy */ = {
			isa = PBXContainerItemProxy;
			containerPortal = 97F7B69925E8419E0026962D /* Project object */;
			proxyType = 1;
			remoteGlobalIDString = 97F7B6A025E8419E0026962D;
			remoteInfo = Parstagram;
		};
/* End PBXContainerItemProxy section */

/* Begin PBXFileReference section */
		0B55ECAE7332768F208133A6 /* Pods_Parstagram_ParstagramUITests.framework */ = {isa = PBXFileReference; explicitFileType = wrapper.framework; includeInIndex = 0; path = Pods_Parstagram_ParstagramUITests.framework; sourceTree = BUILT_PRODUCTS_DIR; };
		857400FB7A1FCDD00166F6E6 /* Pods_ParstagramTests.framework */ = {isa = PBXFileReference; explicitFileType = wrapper.framework; includeInIndex = 0; path = Pods_ParstagramTests.framework; sourceTree = BUILT_PRODUCTS_DIR; };
		97408D2225E8A533002D44A0 /* instagram_assets */ = {isa = PBXFileReference; lastKnownFileType = folder; name = instagram_assets; path = ../../../../Downloads/instagram_assets; sourceTree = "<group>"; };
		97408D2D25E8A7D5002D44A0 /* LoginViewController.swift */ = {isa = PBXFileReference; lastKnownFileType = sourcecode.swift; path = LoginViewController.swift; sourceTree = "<group>"; };
		97408D3225E8A7ED002D44A0 /* FeedViewController.swift */ = {isa = PBXFileReference; lastKnownFileType = sourcecode.swift; path = FeedViewController.swift; sourceTree = "<group>"; };
		9786BD3225F584D10069E7A0 /* CommentCell.swift */ = {isa = PBXFileReference; lastKnownFileType = sourcecode.swift; path = CommentCell.swift; sourceTree = "<group>"; };
		97BC5FD525E8BDF200F9449E /* CameraViewController.swift */ = {isa = PBXFileReference; lastKnownFileType = sourcecode.swift; path = CameraViewController.swift; sourceTree = "<group>"; };
		97BC5FDA25E96BB500F9449E /* PostCell.swift */ = {isa = PBXFileReference; lastKnownFileType = sourcecode.swift; path = PostCell.swift; sourceTree = "<group>"; };
		97F7B6A125E8419E0026962D /* Parstagram.app */ = {isa = PBXFileReference; explicitFileType = wrapper.application; includeInIndex = 0; path = Parstagram.app; sourceTree = BUILT_PRODUCTS_DIR; };
		97F7B6A425E8419E0026962D /* AppDelegate.swift */ = {isa = PBXFileReference; lastKnownFileType = sourcecode.swift; path = AppDelegate.swift; sourceTree = "<group>"; };
		97F7B6A625E8419E0026962D /* SceneDelegate.swift */ = {isa = PBXFileReference; lastKnownFileType = sourcecode.swift; path = SceneDelegate.swift; sourceTree = "<group>"; };
		97F7B6AB25E8419E0026962D /* Base */ = {isa = PBXFileReference; lastKnownFileType = file.storyboard; name = Base; path = Base.lproj/Main.storyboard; sourceTree = "<group>"; };
		97F7B6AD25E8419F0026962D /* Assets.xcassets */ = {isa = PBXFileReference; lastKnownFileType = folder.assetcatalog; path = Assets.xcassets; sourceTree = "<group>"; };
		97F7B6B025E8419F0026962D /* Base */ = {isa = PBXFileReference; lastKnownFileType = file.storyboard; name = Base; path = Base.lproj/LaunchScreen.storyboard; sourceTree = "<group>"; };
		97F7B6B225E8419F0026962D /* Info.plist */ = {isa = PBXFileReference; lastKnownFileType = text.plist.xml; path = Info.plist; sourceTree = "<group>"; };
		97F7B6B725E8419F0026962D /* ParstagramTests.xctest */ = {isa = PBXFileReference; explicitFileType = wrapper.cfbundle; includeInIndex = 0; path = ParstagramTests.xctest; sourceTree = BUILT_PRODUCTS_DIR; };
		97F7B6BB25E8419F0026962D /* ParstagramTests.swift */ = {isa = PBXFileReference; lastKnownFileType = sourcecode.swift; path = ParstagramTests.swift; sourceTree = "<group>"; };
		97F7B6BD25E8419F0026962D /* Info.plist */ = {isa = PBXFileReference; lastKnownFileType = text.plist.xml; path = Info.plist; sourceTree = "<group>"; };
		97F7B6C225E8419F0026962D /* ParstagramUITests.xctest */ = {isa = PBXFileReference; explicitFileType = wrapper.cfbundle; includeInIndex = 0; path = ParstagramUITests.xctest; sourceTree = BUILT_PRODUCTS_DIR; };
		97F7B6C625E8419F0026962D /* ParstagramUITests.swift */ = {isa = PBXFileReference; lastKnownFileType = sourcecode.swift; path = ParstagramUITests.swift; sourceTree = "<group>"; };
		97F7B6C825E8419F0026962D /* Info.plist */ = {isa = PBXFileReference; lastKnownFileType = text.plist.xml; path = Info.plist; sourceTree = "<group>"; };
		A28FA80F12048C6C4043AD18 /* Pods-ParstagramTests.debug.xcconfig */ = {isa = PBXFileReference; includeInIndex = 1; lastKnownFileType = text.xcconfig; name = "Pods-ParstagramTests.debug.xcconfig"; path = "Target Support Files/Pods-ParstagramTests/Pods-ParstagramTests.debug.xcconfig"; sourceTree = "<group>"; };
		A8B3ED26B81B60460AF49429 /* Pods-Parstagram.release.xcconfig */ = {isa = PBXFileReference; includeInIndex = 1; lastKnownFileType = text.xcconfig; name = "Pods-Parstagram.release.xcconfig"; path = "Target Support Files/Pods-Parstagram/Pods-Parstagram.release.xcconfig"; sourceTree = "<group>"; };
		AC4D85DE09905A062F54ED89 /* Pods-Parstagram.debug.xcconfig */ = {isa = PBXFileReference; includeInIndex = 1; lastKnownFileType = text.xcconfig; name = "Pods-Parstagram.debug.xcconfig"; path = "Target Support Files/Pods-Parstagram/Pods-Parstagram.debug.xcconfig"; sourceTree = "<group>"; };
		BA301478679DFF0EF799909E /* Pods-ParstagramTests.release.xcconfig */ = {isa = PBXFileReference; includeInIndex = 1; lastKnownFileType = text.xcconfig; name = "Pods-ParstagramTests.release.xcconfig"; path = "Target Support Files/Pods-ParstagramTests/Pods-ParstagramTests.release.xcconfig"; sourceTree = "<group>"; };
		D0F28392F9C9AD77DF827193 /* Pods-Parstagram-ParstagramUITests.debug.xcconfig */ = {isa = PBXFileReference; includeInIndex = 1; lastKnownFileType = text.xcconfig; name = "Pods-Parstagram-ParstagramUITests.debug.xcconfig"; path = "Target Support Files/Pods-Parstagram-ParstagramUITests/Pods-Parstagram-ParstagramUITests.debug.xcconfig"; sourceTree = "<group>"; };
		D50C11610B4C3BD23999E05D /* Pods_Parstagram.framework */ = {isa = PBXFileReference; explicitFileType = wrapper.framework; includeInIndex = 0; path = Pods_Parstagram.framework; sourceTree = BUILT_PRODUCTS_DIR; };
		EB7F3FDECD4CE249DB42B969 /* Pods-Parstagram-ParstagramUITests.release.xcconfig */ = {isa = PBXFileReference; includeInIndex = 1; lastKnownFileType = text.xcconfig; name = "Pods-Parstagram-ParstagramUITests.release.xcconfig"; path = "Target Support Files/Pods-Parstagram-ParstagramUITests/Pods-Parstagram-ParstagramUITests.release.xcconfig"; sourceTree = "<group>"; };
/* End PBXFileReference section */

/* Begin PBXFrameworksBuildPhase section */
		97F7B69E25E8419E0026962D /* Frameworks */ = {
			isa = PBXFrameworksBuildPhase;
			buildActionMask = 2147483647;
			files = (
				6EC55A99B4D90B84769CCFE5 /* Pods_Parstagram.framework in Frameworks */,
			);
			runOnlyForDeploymentPostprocessing = 0;
		};
		97F7B6B425E8419F0026962D /* Frameworks */ = {
			isa = PBXFrameworksBuildPhase;
			buildActionMask = 2147483647;
			files = (
				A2C3B19F7062B4D30E790CBD /* Pods_ParstagramTests.framework in Frameworks */,
			);
			runOnlyForDeploymentPostprocessing = 0;
		};
		97F7B6BF25E8419F0026962D /* Frameworks */ = {
			isa = PBXFrameworksBuildPhase;
			buildActionMask = 2147483647;
			files = (
				5909527964978C7EE06ACAD8 /* Pods_Parstagram_ParstagramUITests.framework in Frameworks */,
			);
			runOnlyForDeploymentPostprocessing = 0;
		};
/* End PBXFrameworksBuildPhase section */

/* Begin PBXGroup section */
		219C348398A5E1CD08038062 /* Frameworks */ = {
			isa = PBXGroup;
			children = (
				D50C11610B4C3BD23999E05D /* Pods_Parstagram.framework */,
				0B55ECAE7332768F208133A6 /* Pods_Parstagram_ParstagramUITests.framework */,
				857400FB7A1FCDD00166F6E6 /* Pods_ParstagramTests.framework */,
			);
			name = Frameworks;
			sourceTree = "<group>";
		};
		85C73BE95E8F78D08812F262 /* Pods */ = {
			isa = PBXGroup;
			children = (
				AC4D85DE09905A062F54ED89 /* Pods-Parstagram.debug.xcconfig */,
				A8B3ED26B81B60460AF49429 /* Pods-Parstagram.release.xcconfig */,
				D0F28392F9C9AD77DF827193 /* Pods-Parstagram-ParstagramUITests.debug.xcconfig */,
				EB7F3FDECD4CE249DB42B969 /* Pods-Parstagram-ParstagramUITests.release.xcconfig */,
				A28FA80F12048C6C4043AD18 /* Pods-ParstagramTests.debug.xcconfig */,
				BA301478679DFF0EF799909E /* Pods-ParstagramTests.release.xcconfig */,
			);
			path = Pods;
			sourceTree = "<group>";
		};
		97F7B69825E8419E0026962D = {
			isa = PBXGroup;
			children = (
				97F7B6A325E8419E0026962D /* Parstagram */,
				97F7B6BA25E8419F0026962D /* ParstagramTests */,
				97F7B6C525E8419F0026962D /* ParstagramUITests */,
				97F7B6A225E8419E0026962D /* Products */,
				85C73BE95E8F78D08812F262 /* Pods */,
				219C348398A5E1CD08038062 /* Frameworks */,
			);
			sourceTree = "<group>";
		};
		97F7B6A225E8419E0026962D /* Products */ = {
			isa = PBXGroup;
			children = (
				97F7B6A125E8419E0026962D /* Parstagram.app */,
				97F7B6B725E8419F0026962D /* ParstagramTests.xctest */,
				97F7B6C225E8419F0026962D /* ParstagramUITests.xctest */,
			);
			name = Products;
			sourceTree = "<group>";
		};
		97F7B6A325E8419E0026962D /* Parstagram */ = {
			isa = PBXGroup;
			children = (
				97408D2225E8A533002D44A0 /* instagram_assets */,
				97F7B6A425E8419E0026962D /* AppDelegate.swift */,
				97F7B6A625E8419E0026962D /* SceneDelegate.swift */,
				97F7B6AA25E8419E0026962D /* Main.storyboard */,
				97F7B6AD25E8419F0026962D /* Assets.xcassets */,
				97F7B6AF25E8419F0026962D /* LaunchScreen.storyboard */,
				97F7B6B225E8419F0026962D /* Info.plist */,
				97408D2D25E8A7D5002D44A0 /* LoginViewController.swift */,
				97408D3225E8A7ED002D44A0 /* FeedViewController.swift */,
				97BC5FD525E8BDF200F9449E /* CameraViewController.swift */,
				97BC5FDA25E96BB500F9449E /* PostCell.swift */,
				9786BD3225F584D10069E7A0 /* CommentCell.swift */,
			);
			path = Parstagram;
			sourceTree = "<group>";
		};
		97F7B6BA25E8419F0026962D /* ParstagramTests */ = {
			isa = PBXGroup;
			children = (
				97F7B6BB25E8419F0026962D /* ParstagramTests.swift */,
				97F7B6BD25E8419F0026962D /* Info.plist */,
			);
			path = ParstagramTests;
			sourceTree = "<group>";
		};
		97F7B6C525E8419F0026962D /* ParstagramUITests */ = {
			isa = PBXGroup;
			children = (
				97F7B6C625E8419F0026962D /* ParstagramUITests.swift */,
				97F7B6C825E8419F0026962D /* Info.plist */,
			);
			path = ParstagramUITests;
			sourceTree = "<group>";
		};
/* End PBXGroup section */

/* Begin PBXNativeTarget section */
		97F7B6A025E8419E0026962D /* Parstagram */ = {
			isa = PBXNativeTarget;
			buildConfigurationList = 97F7B6CB25E8419F0026962D /* Build configuration list for PBXNativeTarget "Parstagram" */;
			buildPhases = (
				976833B2D40321BAF9B2DD65 /* [CP] Check Pods Manifest.lock */,
				97F7B69D25E8419E0026962D /* Sources */,
				97F7B69E25E8419E0026962D /* Frameworks */,
				97F7B69F25E8419E0026962D /* Resources */,
				0D167AFEA2E1B1971B6C3709 /* [CP] Embed Pods Frameworks */,
			);
			buildRules = (
			);
			dependencies = (
			);
			name = Parstagram;
			productName = Parstagram;
			productReference = 97F7B6A125E8419E0026962D /* Parstagram.app */;
			productType = "com.apple.product-type.application";
		};
		97F7B6B625E8419F0026962D /* ParstagramTests */ = {
			isa = PBXNativeTarget;
			buildConfigurationList = 97F7B6CE25E8419F0026962D /* Build configuration list for PBXNativeTarget "ParstagramTests" */;
			buildPhases = (
				40CEF76C28BF84A650F0ECB0 /* [CP] Check Pods Manifest.lock */,
				97F7B6B325E8419F0026962D /* Sources */,
				97F7B6B425E8419F0026962D /* Frameworks */,
				97F7B6B525E8419F0026962D /* Resources */,
			);
			buildRules = (
			);
			dependencies = (
				97F7B6B925E8419F0026962D /* PBXTargetDependency */,
			);
			name = ParstagramTests;
			productName = ParstagramTests;
			productReference = 97F7B6B725E8419F0026962D /* ParstagramTests.xctest */;
			productType = "com.apple.product-type.bundle.unit-test";
		};
		97F7B6C125E8419F0026962D /* ParstagramUITests */ = {
			isa = PBXNativeTarget;
			buildConfigurationList = 97F7B6D125E8419F0026962D /* Build configuration list for PBXNativeTarget "ParstagramUITests" */;
			buildPhases = (
				2BD1B30E6176F7426A5FC788 /* [CP] Check Pods Manifest.lock */,
				97F7B6BE25E8419F0026962D /* Sources */,
				97F7B6BF25E8419F0026962D /* Frameworks */,
				97F7B6C025E8419F0026962D /* Resources */,
				22E21441ADCD884305C0343F /* [CP] Embed Pods Frameworks */,
			);
			buildRules = (
			);
			dependencies = (
				97F7B6C425E8419F0026962D /* PBXTargetDependency */,
			);
			name = ParstagramUITests;
			productName = ParstagramUITests;
			productReference = 97F7B6C225E8419F0026962D /* ParstagramUITests.xctest */;
			productType = "com.apple.product-type.bundle.ui-testing";
		};
/* End PBXNativeTarget section */

/* Begin PBXProject section */
		97F7B69925E8419E0026962D /* Project object */ = {
			isa = PBXProject;
			attributes = {
				LastSwiftUpdateCheck = 1240;
				LastUpgradeCheck = 1240;
				TargetAttributes = {
					97F7B6A025E8419E0026962D = {
						CreatedOnToolsVersion = 12.4;
					};
					97F7B6B625E8419F0026962D = {
						CreatedOnToolsVersion = 12.4;
						TestTargetID = 97F7B6A025E8419E0026962D;
					};
					97F7B6C125E8419F0026962D = {
						CreatedOnToolsVersion = 12.4;
						TestTargetID = 97F7B6A025E8419E0026962D;
					};
				};
			};
			buildConfigurationList = 97F7B69C25E8419E0026962D /* Build configuration list for PBXProject "Parstagram" */;
			compatibilityVersion = "Xcode 9.3";
			developmentRegion = en;
			hasScannedForEncodings = 0;
			knownRegions = (
				en,
				Base,
			);
			mainGroup = 97F7B69825E8419E0026962D;
			productRefGroup = 97F7B6A225E8419E0026962D /* Products */;
			projectDirPath = "";
			projectRoot = "";
			targets = (
				97F7B6A025E8419E0026962D /* Parstagram */,
				97F7B6B625E8419F0026962D /* ParstagramTests */,
				97F7B6C125E8419F0026962D /* ParstagramUITests */,
			);
		};
/* End PBXProject section */

/* Begin PBXResourcesBuildPhase section */
		97F7B69F25E8419E0026962D /* Resources */ = {
			isa = PBXResourcesBuildPhase;
			buildActionMask = 2147483647;
			files = (
				97408D2325E8A533002D44A0 /* instagram_assets in Resources */,
				97F7B6B125E8419F0026962D /* LaunchScreen.storyboard in Resources */,
				97F7B6AE25E8419F0026962D /* Assets.xcassets in Resources */,
				97F7B6AC25E8419E0026962D /* Main.storyboard in Resources */,
			);
			runOnlyForDeploymentPostprocessing = 0;
		};
		97F7B6B525E8419F0026962D /* Resources */ = {
			isa = PBXResourcesBuildPhase;
			buildActionMask = 2147483647;
			files = (
			);
			runOnlyForDeploymentPostprocessing = 0;
		};
		97F7B6C025E8419F0026962D /* Resources */ = {
			isa = PBXResourcesBuildPhase;
			buildActionMask = 2147483647;
			files = (
			);
			runOnlyForDeploymentPostprocessing = 0;
		};
/* End PBXResourcesBuildPhase section */

/* Begin PBXShellScriptBuildPhase section */
		0D167AFEA2E1B1971B6C3709 /* [CP] Embed Pods Frameworks */ = {
			isa = PBXShellScriptBuildPhase;
			buildActionMask = 2147483647;
			files = (
			);
			inputFileListPaths = (
				"${PODS_ROOT}/Target Support Files/Pods-Parstagram/Pods-Parstagram-frameworks-${CONFIGURATION}-input-files.xcfilelist",
			);
			name = "[CP] Embed Pods Frameworks";
			outputFileListPaths = (
				"${PODS_ROOT}/Target Support Files/Pods-Parstagram/Pods-Parstagram-frameworks-${CONFIGURATION}-output-files.xcfilelist",
			);
			runOnlyForDeploymentPostprocessing = 0;
			shellPath = /bin/sh;
			shellScript = "\"${PODS_ROOT}/Target Support Files/Pods-Parstagram/Pods-Parstagram-frameworks.sh\"\n";
			showEnvVarsInLog = 0;
		};
		22E21441ADCD884305C0343F /* [CP] Embed Pods Frameworks */ = {
			isa = PBXShellScriptBuildPhase;
			buildActionMask = 2147483647;
			files = (
			);
			inputFileListPaths = (
				"${PODS_ROOT}/Target Support Files/Pods-Parstagram-ParstagramUITests/Pods-Parstagram-ParstagramUITests-frameworks-${CONFIGURATION}-input-files.xcfilelist",
			);
			name = "[CP] Embed Pods Frameworks";
			outputFileListPaths = (
				"${PODS_ROOT}/Target Support Files/Pods-Parstagram-ParstagramUITests/Pods-Parstagram-ParstagramUITests-frameworks-${CONFIGURATION}-output-files.xcfilelist",
			);
			runOnlyForDeploymentPostprocessing = 0;
			shellPath = /bin/sh;
			shellScript = "\"${PODS_ROOT}/Target Support Files/Pods-Parstagram-ParstagramUITests/Pods-Parstagram-ParstagramUITests-frameworks.sh\"\n";
			showEnvVarsInLog = 0;
		};
		2BD1B30E6176F7426A5FC788 /* [CP] Check Pods Manifest.lock */ = {
			isa = PBXShellScriptBuildPhase;
			buildActionMask = 2147483647;
			files = (
			);
			inputFileListPaths = (
			);
			inputPaths = (
				"${PODS_PODFILE_DIR_PATH}/Podfile.lock",
				"${PODS_ROOT}/Manifest.lock",
			);
			name = "[CP] Check Pods Manifest.lock";
			outputFileListPaths = (
			);
			outputPaths = (
				"$(DERIVED_FILE_DIR)/Pods-Parstagram-ParstagramUITests-checkManifestLockResult.txt",
			);
			runOnlyForDeploymentPostprocessing = 0;
			shellPath = /bin/sh;
			shellScript = "diff \"${PODS_PODFILE_DIR_PATH}/Podfile.lock\" \"${PODS_ROOT}/Manifest.lock\" > /dev/null\nif [ $? != 0 ] ; then\n    # print error to STDERR\n    echo \"error: The sandbox is not in sync with the Podfile.lock. Run 'pod install' or update your CocoaPods installation.\" >&2\n    exit 1\nfi\n# This output is used by Xcode 'outputs' to avoid re-running this script phase.\necho \"SUCCESS\" > \"${SCRIPT_OUTPUT_FILE_0}\"\n";
			showEnvVarsInLog = 0;
		};
		40CEF76C28BF84A650F0ECB0 /* [CP] Check Pods Manifest.lock */ = {
			isa = PBXShellScriptBuildPhase;
			buildActionMask = 2147483647;
			files = (
			);
			inputFileListPaths = (
			);
			inputPaths = (
				"${PODS_PODFILE_DIR_PATH}/Podfile.lock",
				"${PODS_ROOT}/Manifest.lock",
			);
			name = "[CP] Check Pods Manifest.lock";
			outputFileListPaths = (
			);
			outputPaths = (
				"$(DERIVED_FILE_DIR)/Pods-ParstagramTests-checkManifestLockResult.txt",
			);
			runOnlyForDeploymentPostprocessing = 0;
			shellPath = /bin/sh;
			shellScript = "diff \"${PODS_PODFILE_DIR_PATH}/Podfile.lock\" \"${PODS_ROOT}/Manifest.lock\" > /dev/null\nif [ $? != 0 ] ; then\n    # print error to STDERR\n    echo \"error: The sandbox is not in sync with the Podfile.lock. Run 'pod install' or update your CocoaPods installation.\" >&2\n    exit 1\nfi\n# This output is used by Xcode 'outputs' to avoid re-running this script phase.\necho \"SUCCESS\" > \"${SCRIPT_OUTPUT_FILE_0}\"\n";
			showEnvVarsInLog = 0;
		};
		976833B2D40321BAF9B2DD65 /* [CP] Check Pods Manifest.lock */ = {
			isa = PBXShellScriptBuildPhase;
			buildActionMask = 2147483647;
			files = (
			);
			inputFileListPaths = (
			);
			inputPaths = (
				"${PODS_PODFILE_DIR_PATH}/Podfile.lock",
				"${PODS_ROOT}/Manifest.lock",
			);
			name = "[CP] Check Pods Manifest.lock";
			outputFileListPaths = (
			);
			outputPaths = (
				"$(DERIVED_FILE_DIR)/Pods-Parstagram-checkManifestLockResult.txt",
			);
			runOnlyForDeploymentPostprocessing = 0;
			shellPath = /bin/sh;
			shellScript = "diff \"${PODS_PODFILE_DIR_PATH}/Podfile.lock\" \"${PODS_ROOT}/Manifest.lock\" > /dev/null\nif [ $? != 0 ] ; then\n    # print error to STDERR\n    echo \"error: The sandbox is not in sync with the Podfile.lock. Run 'pod install' or update your CocoaPods installation.\" >&2\n    exit 1\nfi\n# This output is used by Xcode 'outputs' to avoid re-running this script phase.\necho \"SUCCESS\" > \"${SCRIPT_OUTPUT_FILE_0}\"\n";
			showEnvVarsInLog = 0;
		};
/* End PBXShellScriptBuildPhase section */

/* Begin PBXSourcesBuildPhase section */
		97F7B69D25E8419E0026962D /* Sources */ = {
			isa = PBXSourcesBuildPhase;
			buildActionMask = 2147483647;
			files = (
				97408D2E25E8A7D5002D44A0 /* LoginViewController.swift in Sources */,
				97BC5FD625E8BDF200F9449E /* CameraViewController.swift in Sources */,
				97F7B6A525E8419E0026962D /* AppDelegate.swift in Sources */,
				97408D3325E8A7ED002D44A0 /* FeedViewController.swift in Sources */,
				97F7B6A725E8419E0026962D /* SceneDelegate.swift in Sources */,
				97BC5FDB25E96BB500F9449E /* PostCell.swift in Sources */,
				9786BD3325F584D10069E7A0 /* CommentCell.swift in Sources */,
			);
			runOnlyForDeploymentPostprocessing = 0;
		};
		97F7B6B325E8419F0026962D /* Sources */ = {
			isa = PBXSourcesBuildPhase;
			buildActionMask = 2147483647;
			files = (
				97F7B6BC25E8419F0026962D /* ParstagramTests.swift in Sources */,
			);
			runOnlyForDeploymentPostprocessing = 0;
		};
		97F7B6BE25E8419F0026962D /* Sources */ = {
			isa = PBXSourcesBuildPhase;
			buildActionMask = 2147483647;
			files = (
				97F7B6C725E8419F0026962D /* ParstagramUITests.swift in Sources */,
			);
			runOnlyForDeploymentPostprocessing = 0;
		};
/* End PBXSourcesBuildPhase section */

/* Begin PBXTargetDependency section */
		97F7B6B925E8419F0026962D /* PBXTargetDependency */ = {
			isa = PBXTargetDependency;
			target = 97F7B6A025E8419E0026962D /* Parstagram */;
			targetProxy = 97F7B6B825E8419F0026962D /* PBXContainerItemProxy */;
		};
		97F7B6C425E8419F0026962D /* PBXTargetDependency */ = {
			isa = PBXTargetDependency;
			target = 97F7B6A025E8419E0026962D /* Parstagram */;
			targetProxy = 97F7B6C325E8419F0026962D /* PBXContainerItemProxy */;
		};
/* End PBXTargetDependency section */

/* Begin PBXVariantGroup section */
		97F7B6AA25E8419E0026962D /* Main.storyboard */ = {
			isa = PBXVariantGroup;
			children = (
				97F7B6AB25E8419E0026962D /* Base */,
			);
			name = Main.storyboard;
			sourceTree = "<group>";
		};
		97F7B6AF25E8419F0026962D /* LaunchScreen.storyboard */ = {
			isa = PBXVariantGroup;
			children = (
				97F7B6B025E8419F0026962D /* Base */,
			);
			name = LaunchScreen.storyboard;
			sourceTree = "<group>";
		};
/* End PBXVariantGroup section */

/* Begin XCBuildConfiguration section */
		97F7B6C925E8419F0026962D /* Debug */ = {
			isa = XCBuildConfiguration;
			buildSettings = {
				ALWAYS_SEARCH_USER_PATHS = NO;
				CLANG_ANALYZER_NONNULL = YES;
				CLANG_ANALYZER_NUMBER_OBJECT_CONVERSION = YES_AGGRESSIVE;
				CLANG_CXX_LANGUAGE_STANDARD = "gnu++14";
				CLANG_CXX_LIBRARY = "libc++";
				CLANG_ENABLE_MODULES = YES;
				CLANG_ENABLE_OBJC_ARC = YES;
				CLANG_ENABLE_OBJC_WEAK = YES;
				CLANG_WARN_BLOCK_CAPTURE_AUTORELEASING = YES;
				CLANG_WARN_BOOL_CONVERSION = YES;
				CLANG_WARN_COMMA = YES;
				CLANG_WARN_CONSTANT_CONVERSION = YES;
				CLANG_WARN_DEPRECATED_OBJC_IMPLEMENTATIONS = YES;
				CLANG_WARN_DIRECT_OBJC_ISA_USAGE = YES_ERROR;
				CLANG_WARN_DOCUMENTATION_COMMENTS = YES;
				CLANG_WARN_EMPTY_BODY = YES;
				CLANG_WARN_ENUM_CONVERSION = YES;
				CLANG_WARN_INFINITE_RECURSION = YES;
				CLANG_WARN_INT_CONVERSION = YES;
				CLANG_WARN_NON_LITERAL_NULL_CONVERSION = YES;
				CLANG_WARN_OBJC_IMPLICIT_RETAIN_SELF = YES;
				CLANG_WARN_OBJC_LITERAL_CONVERSION = YES;
				CLANG_WARN_OBJC_ROOT_CLASS = YES_ERROR;
				CLANG_WARN_QUOTED_INCLUDE_IN_FRAMEWORK_HEADER = YES;
				CLANG_WARN_RANGE_LOOP_ANALYSIS = YES;
				CLANG_WARN_STRICT_PROTOTYPES = YES;
				CLANG_WARN_SUSPICIOUS_MOVE = YES;
				CLANG_WARN_UNGUARDED_AVAILABILITY = YES_AGGRESSIVE;
				CLANG_WARN_UNREACHABLE_CODE = YES;
				CLANG_WARN__DUPLICATE_METHOD_MATCH = YES;
				COPY_PHASE_STRIP = NO;
				DEBUG_INFORMATION_FORMAT = dwarf;
				ENABLE_STRICT_OBJC_MSGSEND = YES;
				ENABLE_TESTABILITY = YES;
				GCC_C_LANGUAGE_STANDARD = gnu11;
				GCC_DYNAMIC_NO_PIC = NO;
				GCC_NO_COMMON_BLOCKS = YES;
				GCC_OPTIMIZATION_LEVEL = 0;
				GCC_PREPROCESSOR_DEFINITIONS = (
					"DEBUG=1",
					"$(inherited)",
				);
				GCC_WARN_64_TO_32_BIT_CONVERSION = YES;
				GCC_WARN_ABOUT_RETURN_TYPE = YES_ERROR;
				GCC_WARN_UNDECLARED_SELECTOR = YES;
				GCC_WARN_UNINITIALIZED_AUTOS = YES_AGGRESSIVE;
				GCC_WARN_UNUSED_FUNCTION = YES;
				GCC_WARN_UNUSED_VARIABLE = YES;
				IPHONEOS_DEPLOYMENT_TARGET = 14.4;
				MTL_ENABLE_DEBUG_INFO = INCLUDE_SOURCE;
				MTL_FAST_MATH = YES;
				ONLY_ACTIVE_ARCH = YES;
				SDKROOT = iphoneos;
				SWIFT_ACTIVE_COMPILATION_CONDITIONS = DEBUG;
				SWIFT_OPTIMIZATION_LEVEL = "-Onone";
			};
			name = Debug;
		};
		97F7B6CA25E8419F0026962D /* Release */ = {
			isa = XCBuildConfiguration;
			buildSettings = {
				ALWAYS_SEARCH_USER_PATHS = NO;
				CLANG_ANALYZER_NONNULL = YES;
				CLANG_ANALYZER_NUMBER_OBJECT_CONVERSION = YES_AGGRESSIVE;
				CLANG_CXX_LANGUAGE_STANDARD = "gnu++14";
				CLANG_CXX_LIBRARY = "libc++";
				CLANG_ENABLE_MODULES = YES;
				CLANG_ENABLE_OBJC_ARC = YES;
				CLANG_ENABLE_OBJC_WEAK = YES;
				CLANG_WARN_BLOCK_CAPTURE_AUTORELEASING = YES;
				CLANG_WARN_BOOL_CONVERSION = YES;
				CLANG_WARN_COMMA = YES;
				CLANG_WARN_CONSTANT_CONVERSION = YES;
				CLANG_WARN_DEPRECATED_OBJC_IMPLEMENTATIONS = YES;
				CLANG_WARN_DIRECT_OBJC_ISA_USAGE = YES_ERROR;
				CLANG_WARN_DOCUMENTATION_COMMENTS = YES;
				CLANG_WARN_EMPTY_BODY = YES;
				CLANG_WARN_ENUM_CONVERSION = YES;
				CLANG_WARN_INFINITE_RECURSION = YES;
				CLANG_WARN_INT_CONVERSION = YES;
				CLANG_WARN_NON_LITERAL_NULL_CONVERSION = YES;
				CLANG_WARN_OBJC_IMPLICIT_RETAIN_SELF = YES;
				CLANG_WARN_OBJC_LITERAL_CONVERSION = YES;
				CLANG_WARN_OBJC_ROOT_CLASS = YES_ERROR;
				CLANG_WARN_QUOTED_INCLUDE_IN_FRAMEWORK_HEADER = YES;
				CLANG_WARN_RANGE_LOOP_ANALYSIS = YES;
				CLANG_WARN_STRICT_PROTOTYPES = YES;
				CLANG_WARN_SUSPICIOUS_MOVE = YES;
				CLANG_WARN_UNGUARDED_AVAILABILITY = YES_AGGRESSIVE;
				CLANG_WARN_UNREACHABLE_CODE = YES;
				CLANG_WARN__DUPLICATE_METHOD_MATCH = YES;
				COPY_PHASE_STRIP = NO;
				DEBUG_INFORMATION_FORMAT = "dwarf-with-dsym";
				ENABLE_NS_ASSERTIONS = NO;
				ENABLE_STRICT_OBJC_MSGSEND = YES;
				GCC_C_LANGUAGE_STANDARD = gnu11;
				GCC_NO_COMMON_BLOCKS = YES;
				GCC_WARN_64_TO_32_BIT_CONVERSION = YES;
				GCC_WARN_ABOUT_RETURN_TYPE = YES_ERROR;
				GCC_WARN_UNDECLARED_SELECTOR = YES;
				GCC_WARN_UNINITIALIZED_AUTOS = YES_AGGRESSIVE;
				GCC_WARN_UNUSED_FUNCTION = YES;
				GCC_WARN_UNUSED_VARIABLE = YES;
				IPHONEOS_DEPLOYMENT_TARGET = 14.4;
				MTL_ENABLE_DEBUG_INFO = NO;
				MTL_FAST_MATH = YES;
				SDKROOT = iphoneos;
				SWIFT_COMPILATION_MODE = wholemodule;
				SWIFT_OPTIMIZATION_LEVEL = "-O";
				VALIDATE_PRODUCT = YES;
			};
			name = Release;
		};
		97F7B6CC25E8419F0026962D /* Debug */ = {
			isa = XCBuildConfiguration;
			baseConfigurationReference = AC4D85DE09905A062F54ED89 /* Pods-Parstagram.debug.xcconfig */;
			buildSettings = {
				ASSETCATALOG_COMPILER_APPICON_NAME = AppIcon;
				ASSETCATALOG_COMPILER_GLOBAL_ACCENT_COLOR_NAME = AccentColor;
				CODE_SIGN_STYLE = Automatic;
				INFOPLIST_FILE = Parstagram/Info.plist;
				LD_RUNPATH_SEARCH_PATHS = (
					"$(inherited)",
					"@executable_path/Frameworks",
				);
				PRODUCT_BUNDLE_IDENTIFIER = IIT.Parstagram;
				PRODUCT_NAME = "$(TARGET_NAME)";
				SWIFT_VERSION = 5.0;
				TARGETED_DEVICE_FAMILY = "1,2";
			};
			name = Debug;
		};
		97F7B6CD25E8419F0026962D /* Release */ = {
			isa = XCBuildConfiguration;
			baseConfigurationReference = A8B3ED26B81B60460AF49429 /* Pods-Parstagram.release.xcconfig */;
			buildSettings = {
				ASSETCATALOG_COMPILER_APPICON_NAME = AppIcon;
				ASSETCATALOG_COMPILER_GLOBAL_ACCENT_COLOR_NAME = AccentColor;
				CODE_SIGN_STYLE = Automatic;
				INFOPLIST_FILE = Parstagram/Info.plist;
				LD_RUNPATH_SEARCH_PATHS = (
					"$(inherited)",
					"@executable_path/Frameworks",
				);
				PRODUCT_BUNDLE_IDENTIFIER = IIT.Parstagram;
				PRODUCT_NAME = "$(TARGET_NAME)";
				SWIFT_VERSION = 5.0;
				TARGETED_DEVICE_FAMILY = "1,2";
			};
			name = Release;
		};
		97F7B6CF25E8419F0026962D /* Debug */ = {
			isa = XCBuildConfiguration;
			baseConfigurationReference = A28FA80F12048C6C4043AD18 /* Pods-ParstagramTests.debug.xcconfig */;
			buildSettings = {
				ALWAYS_EMBED_SWIFT_STANDARD_LIBRARIES = YES;
				BUNDLE_LOADER = "$(TEST_HOST)";
				CODE_SIGN_STYLE = Automatic;
				INFOPLIST_FILE = ParstagramTests/Info.plist;
				IPHONEOS_DEPLOYMENT_TARGET = 14.4;
				LD_RUNPATH_SEARCH_PATHS = (
					"$(inherited)",
					"@executable_path/Frameworks",
					"@loader_path/Frameworks",
				);
				PRODUCT_BUNDLE_IDENTIFIER = IIT.ParstagramTests;
				PRODUCT_NAME = "$(TARGET_NAME)";
				SWIFT_VERSION = 5.0;
				TARGETED_DEVICE_FAMILY = "1,2";
				TEST_HOST = "$(BUILT_PRODUCTS_DIR)/Parstagram.app/Parstagram";
			};
			name = Debug;
		};
		97F7B6D025E8419F0026962D /* Release */ = {
			isa = XCBuildConfiguration;
			baseConfigurationReference = BA301478679DFF0EF799909E /* Pods-ParstagramTests.release.xcconfig */;
			buildSettings = {
				ALWAYS_EMBED_SWIFT_STANDARD_LIBRARIES = YES;
				BUNDLE_LOADER = "$(TEST_HOST)";
				CODE_SIGN_STYLE = Automatic;
				INFOPLIST_FILE = ParstagramTests/Info.plist;
				IPHONEOS_DEPLOYMENT_TARGET = 14.4;
				LD_RUNPATH_SEARCH_PATHS = (
					"$(inherited)",
					"@executable_path/Frameworks",
					"@loader_path/Frameworks",
				);
				PRODUCT_BUNDLE_IDENTIFIER = IIT.ParstagramTests;
				PRODUCT_NAME = "$(TARGET_NAME)";
				SWIFT_VERSION = 5.0;
				TARGETED_DEVICE_FAMILY = "1,2";
				TEST_HOST = "$(BUILT_PRODUCTS_DIR)/Parstagram.app/Parstagram";
			};
			name = Release;
		};
		97F7B6D225E8419F0026962D /* Debug */ = {
			isa = XCBuildConfiguration;
			baseConfigurationReference = D0F28392F9C9AD77DF827193 /* Pods-Parstagram-ParstagramUITests.debug.xcconfig */;
			buildSettings = {
				ALWAYS_EMBED_SWIFT_STANDARD_LIBRARIES = YES;
				CODE_SIGN_STYLE = Automatic;
				INFOPLIST_FILE = ParstagramUITests/Info.plist;
				LD_RUNPATH_SEARCH_PATHS = (
					"$(inherited)",
					"@executable_path/Frameworks",
					"@loader_path/Frameworks",
				);
				PRODUCT_BUNDLE_IDENTIFIER = IIT.ParstagramUITests;
				PRODUCT_NAME = "$(TARGET_NAME)";
				SWIFT_VERSION = 5.0;
				TARGETED_DEVICE_FAMILY = "1,2";
				TEST_TARGET_NAME = Parstagram;
			};
			name = Debug;
		};
		97F7B6D325E8419F0026962D /* Release */ = {
			isa = XCBuildConfiguration;
			baseConfigurationReference = EB7F3FDECD4CE249DB42B969 /* Pods-Parstagram-ParstagramUITests.release.xcconfig */;
			buildSettings = {
				ALWAYS_EMBED_SWIFT_STANDARD_LIBRARIES = YES;
				CODE_SIGN_STYLE = Automatic;
				INFOPLIST_FILE = ParstagramUITests/Info.plist;
				LD_RUNPATH_SEARCH_PATHS = (
					"$(inherited)",
					"@executable_path/Frameworks",
					"@loader_path/Frameworks",
				);
				PRODUCT_BUNDLE_IDENTIFIER = IIT.ParstagramUITests;
				PRODUCT_NAME = "$(TARGET_NAME)";
				SWIFT_VERSION = 5.0;
				TARGETED_DEVICE_FAMILY = "1,2";
				TEST_TARGET_NAME = Parstagram;
			};
			name = Release;
		};
/* End XCBuildConfiguration section */

/* Begin XCConfigurationList section */
		97F7B69C25E8419E0026962D /* Build configuration list for PBXProject "Parstagram" */ = {
			isa = XCConfigurationList;
			buildConfigurations = (
				97F7B6C925E8419F0026962D /* Debug */,
				97F7B6CA25E8419F0026962D /* Release */,
			);
			defaultConfigurationIsVisible = 0;
			defaultConfigurationName = Release;
		};
		97F7B6CB25E8419F0026962D /* Build configuration list for PBXNativeTarget "Parstagram" */ = {
			isa = XCConfigurationList;
			buildConfigurations = (
				97F7B6CC25E8419F0026962D /* Debug */,
				97F7B6CD25E8419F0026962D /* Release */,
			);
			defaultConfigurationIsVisible = 0;
			defaultConfigurationName = Release;
		};
		97F7B6CE25E8419F0026962D /* Build configuration list for PBXNativeTarget "ParstagramTests" */ = {
			isa = XCConfigurationList;
			buildConfigurations = (
				97F7B6CF25E8419F0026962D /* Debug */,
				97F7B6D025E8419F0026962D /* Release */,
			);
			defaultConfigurationIsVisible = 0;
			defaultConfigurationName = Release;
		};
		97F7B6D125E8419F0026962D /* Build configuration list for PBXNativeTarget "ParstagramUITests" */ = {
			isa = XCConfigurationList;
			buildConfigurations = (
				97F7B6D225E8419F0026962D /* Debug */,
				97F7B6D325E8419F0026962D /* Release */,
			);
			defaultConfigurationIsVisible = 0;
			defaultConfigurationName = Release;
		};
/* End XCConfigurationList section */
	};
	rootObject = 97F7B69925E8419E0026962D /* Project object */;
}
